
Microsoft Visual Studio Solution File, Format Version 12.00
# Visual Studio Version 16
VisualStudioVersion = 16.0.30717.126
MinimumVisualStudioVersion = 10.0.40219.1
Project("{FAE04EC0-301F-11D3-BF4B-00C04F79EFBC}") = "Consultant Scheduling Mushero", "Consultant Scheduling Mushero\Consultant Scheduling Mushero.csproj", "{B1F46B31-BD1D-4693-8144-6A5173CF1DAF}"
EndProject
Global
	GlobalSection(SolutionConfigurationPlatforms) = preSolution
		Debug|Any CPU = Debug|Any CPU
		Release|Any CPU = Release|Any CPU
	EndGlobalSection
	GlobalSection(ProjectConfigurationPlatforms) = postSolution
		{B1F46B31-BD1D-4693-8144-6A5173CF1DAF}.Debug|Any CPU.ActiveCfg = Debug|Any CPU
		{B1F46B31-BD1D-4693-8144-6A5173CF1DAF}.Debug|Any CPU.Build.0 = Debug|Any CPU
		{B1F46B31-BD1D-4693-8144-6A5173CF1DAF}.Release|Any CPU.ActiveCfg = Release|Any CPU
		{B1F46B31-BD1D-4693-8144-6A5173CF1DAF}.Release|Any CPU.Build.0 = Release|Any CPU
	EndGlobalSection
	GlobalSection(SolutionProperties) = preSolution
		HideSolutionNode = FALSE
	EndGlobalSection
	GlobalSection(ExtensibilityGlobals) = postSolution
		SolutionGuid = {881B4B2F-16C3-4573-B953-0AAE655A2C00}
	EndGlobalSection
EndGlobal
